
Microsoft Visual Studio Solution File, Format Version 12.00
# Visual Studio Version 17
VisualStudioVersion = 17.11.35312.102
MinimumVisualStudioVersion = 10.0.40219.1
Project("{FAE04EC0-301F-11D3-BF4B-00C04F79EFBC}") = "Service1", "Service1\Service1.csproj", "{2EEBFF2E-13F7-4260-8AC0-E5AAAE148111}"
EndProject
Project("{FAE04EC0-301F-11D3-BF4B-00C04F79EFBC}") = "Service2", "Service2\Service2.csproj", "{AF9DBEB8-5873-4A8C-9F34-F7925C7580CC}"
EndProject
Global
	GlobalSection(SolutionConfigurationPlatforms) = preSolution
		Debug|Any CPU = Debug|Any CPU
		Release|Any CPU = Release|Any CPU
	EndGlobalSection
	GlobalSection(ProjectConfigurationPlatforms) = postSolution
		{2EEBFF2E-13F7-4260-8AC0-E5AAAE148111}.Debug|Any CPU.ActiveCfg = Debug|Any CPU
		{2EEBFF2E-13F7-4260-8AC0-E5AAAE148111}.Debug|Any CPU.Build.0 = Debug|Any CPU
		{2EEBFF2E-13F7-4260-8AC0-E5AAAE148111}.Release|Any CPU.ActiveCfg = Release|Any CPU
		{2EEBFF2E-13F7-4260-8AC0-E5AAAE148111}.Release|Any CPU.Build.0 = Release|Any CPU
		{AF9DBEB8-5873-4A8C-9F34-F7925C7580CC}.Debug|Any CPU.ActiveCfg = Debug|Any CPU
		{AF9DBEB8-5873-4A8C-9F34-F7925C7580CC}.Debug|Any CPU.Build.0 = Debug|Any CPU
		{AF9DBEB8-5873-4A8C-9F34-F7925C7580CC}.Release|Any CPU.ActiveCfg = Release|Any CPU
		{AF9DBEB8-5873-4A8C-9F34-F7925C7580CC}.Release|Any CPU.Build.0 = Release|Any CPU
	EndGlobalSection
	GlobalSection(SolutionProperties) = preSolution
		HideSolutionNode = FALSE
	EndGlobalSection
	GlobalSection(ExtensibilityGlobals) = postSolution
		SolutionGuid = {4CD2904D-C283-4623-95EF-979A759AEB61}
	EndGlobalSection
EndGlobal
